
Microsoft Visual Studio Solution File, Format Version 12.00
# Visual Studio Version 17
VisualStudioVersion = 17.0.31912.275
MinimumVisualStudioVersion = 10.0.40219.1
Project("{9A19103F-16F7-4668-BE54-9A1E7A4F7556}") = "YASP.Server", "src\YASP.Server\YASP.Server.csproj", "{68C99A9F-ADCA-491B-8193-A15AC6F78CE6}"
EndProject
Project("{9A19103F-16F7-4668-BE54-9A1E7A4F7556}") = "YASP.Client", "src\YASP.Client\YASP.Client.csproj", "{1A97B745-48D2-4D21-BB5E-DBBD3C4A418F}"
EndProject
Project("{9A19103F-16F7-4668-BE54-9A1E7A4F7556}") = "YASP.Shared", "src\YASP.Shared\YASP.Shared.csproj", "{119D21A4-93E6-4755-82A8-DB49042ECD68}"
EndProject
Project("{2150E333-8FDC-42A3-9474-1A3956D46DE8}") = "Client", "Client", "{323C34CB-6E63-47AA-872A-40EA5E9F878D}"
EndProject
Project("{2150E333-8FDC-42A3-9474-1A3956D46DE8}") = "Server", "Server", "{177E6063-3953-49C3-BDC8-B3136C7BA747}"
EndProject
Project("{9A19103F-16F7-4668-BE54-9A1E7A4F7556}") = "YASP.Server.Application", "src\YASP.Server.Application\YASP.Server.Application.csproj", "{0DE3D144-FFFF-4F04-9208-0269EEC9C727}"
EndProject
Project("{2150E333-8FDC-42A3-9474-1A3956D46DE8}") = "Solution Items", "Solution Items", "{3627AC13-D752-4737-9BDB-2E9ADA4C497E}"
	ProjectSection(SolutionItems) = preProject
		.filenesting.json = .filenesting.json
	EndProjectSection
EndProject
Project("{9A19103F-16F7-4668-BE54-9A1E7A4F7556}") = "YASP.Server.Tests", "tests\YASP.Server.Tests\YASP.Server.Tests.csproj", "{DFC554F2-92EC-4CE3-95DC-C209E7A640EC}"
EndProject
Project("{9A19103F-16F7-4668-BE54-9A1E7A4F7556}") = "YASP.Server.Dummy", "src\YASP.Server.Dummy\YASP.Server.Dummy.csproj", "{9A5F84C2-A4E0-43D8-B2AE-17A8601DCF9A}"
EndProject
Project("{2150E333-8FDC-42A3-9474-1A3956D46DE8}") = "src", "src", "{ECFA66A7-B83E-4F73-A407-CFCE1FB1D517}"
EndProject
Project("{2150E333-8FDC-42A3-9474-1A3956D46DE8}") = "tests", "tests", "{481E9093-D513-47D1-9779-CDE3E78AC557}"
EndProject
Project("{9A19103F-16F7-4668-BE54-9A1E7A4F7556}") = "YASP.Client.Application", "src\YASP.Client.Application\YASP.Client.Application.csproj", "{53C03516-6A20-4EBD-82FA-63D1090E0562}"
EndProject
Global
	GlobalSection(SolutionConfigurationPlatforms) = preSolution
		Debug|Any CPU = Debug|Any CPU
		Release|Any CPU = Release|Any CPU
	EndGlobalSection
	GlobalSection(ProjectConfigurationPlatforms) = postSolution
		{68C99A9F-ADCA-491B-8193-A15AC6F78CE6}.Debug|Any CPU.ActiveCfg = Debug|Any CPU
		{68C99A9F-ADCA-491B-8193-A15AC6F78CE6}.Debug|Any CPU.Build.0 = Debug|Any CPU
		{68C99A9F-ADCA-491B-8193-A15AC6F78CE6}.Release|Any CPU.ActiveCfg = Release|Any CPU
		{68C99A9F-ADCA-491B-8193-A15AC6F78CE6}.Release|Any CPU.Build.0 = Release|Any CPU
		{1A97B745-48D2-4D21-BB5E-DBBD3C4A418F}.Debug|Any CPU.ActiveCfg = Debug|Any CPU
		{1A97B745-48D2-4D21-BB5E-DBBD3C4A418F}.Debug|Any CPU.Build.0 = Debug|Any CPU
		{1A97B745-48D2-4D21-BB5E-DBBD3C4A418F}.Release|Any CPU.ActiveCfg = Release|Any CPU
		{1A97B745-48D2-4D21-BB5E-DBBD3C4A418F}.Release|Any CPU.Build.0 = Release|Any CPU
		{119D21A4-93E6-4755-82A8-DB49042ECD68}.Debug|Any CPU.ActiveCfg = Debug|Any CPU
		{119D21A4-93E6-4755-82A8-DB49042ECD68}.Debug|Any CPU.Build.0 = Debug|Any CPU
		{119D21A4-93E6-4755-82A8-DB49042ECD68}.Release|Any CPU.ActiveCfg = Release|Any CPU
		{119D21A4-93E6-4755-82A8-DB49042ECD68}.Release|Any CPU.Build.0 = Release|Any CPU
		{0DE3D144-FFFF-4F04-9208-0269EEC9C727}.Debug|Any CPU.ActiveCfg = Debug|Any CPU
		{0DE3D144-FFFF-4F04-9208-0269EEC9C727}.Debug|Any CPU.Build.0 = Debug|Any CPU
		{0DE3D144-FFFF-4F04-9208-0269EEC9C727}.Release|Any CPU.ActiveCfg = Release|Any CPU
		{0DE3D144-FFFF-4F04-9208-0269EEC9C727}.Release|Any CPU.Build.0 = Release|Any CPU
		{DFC554F2-92EC-4CE3-95DC-C209E7A640EC}.Debug|Any CPU.ActiveCfg = Debug|Any CPU
		{DFC554F2-92EC-4CE3-95DC-C209E7A640EC}.Debug|Any CPU.Build.0 = Debug|Any CPU
		{DFC554F2-92EC-4CE3-95DC-C209E7A640EC}.Release|Any CPU.ActiveCfg = Release|Any CPU
		{DFC554F2-92EC-4CE3-95DC-C209E7A640EC}.Release|Any CPU.Build.0 = Release|Any CPU
		{9A5F84C2-A4E0-43D8-B2AE-17A8601DCF9A}.Debug|Any CPU.ActiveCfg = Debug|Any CPU
		{9A5F84C2-A4E0-43D8-B2AE-17A8601DCF9A}.Debug|Any CPU.Build.0 = Debug|Any CPU
		{9A5F84C2-A4E0-43D8-B2AE-17A8601DCF9A}.Release|Any CPU.ActiveCfg = Release|Any CPU
		{9A5F84C2-A4E0-43D8-B2AE-17A8601DCF9A}.Release|Any CPU.Build.0 = Release|Any CPU
		{53C03516-6A20-4EBD-82FA-63D1090E0562}.Debug|Any CPU.ActiveCfg = Debug|Any CPU
		{53C03516-6A20-4EBD-82FA-63D1090E0562}.Debug|Any CPU.Build.0 = Debug|Any CPU
		{53C03516-6A20-4EBD-82FA-63D1090E0562}.Release|Any CPU.ActiveCfg = Release|Any CPU
		{53C03516-6A20-4EBD-82FA-63D1090E0562}.Release|Any CPU.Build.0 = Release|Any CPU
	EndGlobalSection
	GlobalSection(SolutionProperties) = preSolution
		HideSolutionNode = FALSE
	EndGlobalSection
	GlobalSection(NestedProjects) = preSolution
		{68C99A9F-ADCA-491B-8193-A15AC6F78CE6} = {177E6063-3953-49C3-BDC8-B3136C7BA747}
		{1A97B745-48D2-4D21-BB5E-DBBD3C4A418F} = {323C34CB-6E63-47AA-872A-40EA5E9F878D}
		{119D21A4-93E6-4755-82A8-DB49042ECD68} = {ECFA66A7-B83E-4F73-A407-CFCE1FB1D517}
		{323C34CB-6E63-47AA-872A-40EA5E9F878D} = {ECFA66A7-B83E-4F73-A407-CFCE1FB1D517}
		{177E6063-3953-49C3-BDC8-B3136C7BA747} = {ECFA66A7-B83E-4F73-A407-CFCE1FB1D517}
		{0DE3D144-FFFF-4F04-9208-0269EEC9C727} = {177E6063-3953-49C3-BDC8-B3136C7BA747}
		{DFC554F2-92EC-4CE3-95DC-C209E7A640EC} = {481E9093-D513-47D1-9779-CDE3E78AC557}
		{9A5F84C2-A4E0-43D8-B2AE-17A8601DCF9A} = {177E6063-3953-49C3-BDC8-B3136C7BA747}
		{53C03516-6A20-4EBD-82FA-63D1090E0562} = {323C34CB-6E63-47AA-872A-40EA5E9F878D}
	EndGlobalSection
	GlobalSection(ExtensibilityGlobals) = postSolution
		SolutionGuid = {E1B2EC78-2A78-411F-8AF2-C2F3D5D7D6CF}
	EndGlobalSection
EndGlobal
